
Microsoft Visual Studio Solution File, Format Version 12.00
# Visual Studio Version 16
VisualStudioVersion = 16.0.31112.23
MinimumVisualStudioVersion = 10.0.40219.1
Project("{FAE04EC0-301F-11D3-BF4B-00C04F79EFBC}") = "ImcDesktop", "ImcDesktop\ImcDesktop.csproj", "{F1E8FC21-A99D-4DAF-9B7F-16DD5941632B}"
EndProject
Global
	GlobalSection(SolutionConfigurationPlatforms) = preSolution
		Debug|Any CPU = Debug|Any CPU
		Release|Any CPU = Release|Any CPU
	EndGlobalSection
	GlobalSection(ProjectConfigurationPlatforms) = postSolution
		{F1E8FC21-A99D-4DAF-9B7F-16DD5941632B}.Debug|Any CPU.ActiveCfg = Debug|Any CPU
		{F1E8FC21-A99D-4DAF-9B7F-16DD5941632B}.Debug|Any CPU.Build.0 = Debug|Any CPU
		{F1E8FC21-A99D-4DAF-9B7F-16DD5941632B}.Release|Any CPU.ActiveCfg = Release|Any CPU
		{F1E8FC21-A99D-4DAF-9B7F-16DD5941632B}.Release|Any CPU.Build.0 = Release|Any CPU
	EndGlobalSection
	GlobalSection(SolutionProperties) = preSolution
		HideSolutionNode = FALSE
	EndGlobalSection
	GlobalSection(ExtensibilityGlobals) = postSolution
		SolutionGuid = {2399FB40-C647-4C89-931A-31FB5F2CC5E7}
	EndGlobalSection
EndGlobal
